
Microsoft Visual Studio Solution File, Format Version 12.00
# Visual Studio 2012
Project("{FAE04EC0-301F-11D3-BF4B-00C04F79EFBC}") = "1. Homework", "1. Homework\1. Homework.csproj", "{1BE749D1-8EB2-463E-9868-7CA142D6A4FA}"
EndProject
Project("{FAE04EC0-301F-11D3-BF4B-00C04F79EFBC}") = "2. WebGallery", "2. WebGallery\2. WebGallery.csproj", "{C4C2C431-D5FD-448E-8E93-B9896F611544}"
EndProject
Global
	GlobalSection(SolutionConfigurationPlatforms) = preSolution
		Debug|Any CPU = Debug|Any CPU
		Release|Any CPU = Release|Any CPU
	EndGlobalSection
	GlobalSection(ProjectConfigurationPlatforms) = postSolution
		{1BE749D1-8EB2-463E-9868-7CA142D6A4FA}.Debug|Any CPU.ActiveCfg = Debug|Any CPU
		{1BE749D1-8EB2-463E-9868-7CA142D6A4FA}.Debug|Any CPU.Build.0 = Debug|Any CPU
		{1BE749D1-8EB2-463E-9868-7CA142D6A4FA}.Release|Any CPU.ActiveCfg = Release|Any CPU
		{1BE749D1-8EB2-463E-9868-7CA142D6A4FA}.Release|Any CPU.Build.0 = Release|Any CPU
		{C4C2C431-D5FD-448E-8E93-B9896F611544}.Debug|Any CPU.ActiveCfg = Debug|Any CPU
		{C4C2C431-D5FD-448E-8E93-B9896F611544}.Debug|Any CPU.Build.0 = Debug|Any CPU
		{C4C2C431-D5FD-448E-8E93-B9896F611544}.Release|Any CPU.ActiveCfg = Release|Any CPU
		{C4C2C431-D5FD-448E-8E93-B9896F611544}.Release|Any CPU.Build.0 = Release|Any CPU
	EndGlobalSection
	GlobalSection(SolutionProperties) = preSolution
		HideSolutionNode = FALSE
	EndGlobalSection
EndGlobal
